Microsoft Visual Studio Solution File, Format Version 12.00
# Visual Studio Version 17
VisualStudioVersion = 17.5.2.0
MinimumVisualStudioVersion = 10.0.40219.1
Project("{FAE04EC0-301F-11D3-BF4B-00C04F79EFBC}") = "SudokuSolver.Tests", "SudokuSolver.Tests\SudokuSolver.Tests.csproj", "{ECCEBBAA-BEC5-4E73-9B8A-7B8096FF66A5}"
EndProject
Project("{FAE04EC0-301F-11D3-BF4B-00C04F79EFBC}") = "SudokuSolver.App", "SudokuSolver.App\SudokuSolver.App.csproj", "{2F969B31-DF17-429A-9C44-36EC55614AE4}"
EndProject
Global
	GlobalSection(SolutionConfigurationPlatforms) = preSolution
		Debug|Any CPU = Debug|Any CPU
		Release|Any CPU = Release|Any CPU
	EndGlobalSection
	GlobalSection(ProjectConfigurationPlatforms) = postSolution
		{ECCEBBAA-BEC5-4E73-9B8A-7B8096FF66A5}.Debug|Any CPU.ActiveCfg = Debug|Any CPU
		{ECCEBBAA-BEC5-4E73-9B8A-7B8096FF66A5}.Debug|Any CPU.Build.0 = Debug|Any CPU
		{ECCEBBAA-BEC5-4E73-9B8A-7B8096FF66A5}.Release|Any CPU.ActiveCfg = Release|Any CPU
		{ECCEBBAA-BEC5-4E73-9B8A-7B8096FF66A5}.Release|Any CPU.Build.0 = Release|Any CPU
		{2F969B31-DF17-429A-9C44-36EC55614AE4}.Debug|Any CPU.ActiveCfg = Debug|Any CPU
		{2F969B31-DF17-429A-9C44-36EC55614AE4}.Debug|Any CPU.Build.0 = Debug|Any CPU
		{2F969B31-DF17-429A-9C44-36EC55614AE4}.Release|Any CPU.ActiveCfg = Release|Any CPU
		{2F969B31-DF17-429A-9C44-36EC55614AE4}.Release|Any CPU.Build.0 = Release|Any CPU
	EndGlobalSection
	GlobalSection(SolutionProperties) = preSolution
		HideSolutionNode = FALSE
	EndGlobalSection
	GlobalSection(ExtensibilityGlobals) = postSolution
		SolutionGuid = {C796A987-A0D6-4443-AEEF-253F34D94701}
	EndGlobalSection
EndGlobal
